// !$*UTF8*$!
{
	archiveVersion = 1;
	classes = {
	};
	objectVersion = 48;
	objects = {

/* Begin PBXBuildFile section */
		95FC86AF1FBFEB3A0041E05B /* AppDelegate.swift in Sources */ = {isa = PBXBuildFile; fileRef = 95FC86AE1FBFEB3A0041E05B /* AppDelegate.swift */; };
		95FC86B11FBFEB3A0041E05B /* ViewController.swift in Sources */ = {isa = PBXBuildFile; fileRef = 95FC86B01FBFEB3A0041E05B /* ViewController.swift */; };
		95FC86B41FBFEB3A0041E05B /* Main.storyboard in Resources */ = {isa = PBXBuildFile; fileRef = 95FC86B21FBFEB3A0041E05B /* Main.storyboard */; };
		95FC86B61FBFEB3A0041E05B /* Assets.xcassets in Resources */ = {isa = PBXBuildFile; fileRef = 95FC86B51FBFEB3A0041E05B /* Assets.xcassets */; };
		95FC86B91FBFEB3A0041E05B /* LaunchScreen.storyboard in Resources */ = {isa = PBXBuildFile; fileRef = 95FC86B71FBFEB3A0041E05B /* LaunchScreen.storyboard */; };
/* End PBXBuildFile section */

/* Begin PBXFileReference section */
		95FC86AB1FBFEB3A0041E05B /* CoreMLCameraDetection.app */ = {isa = PBXFileReference; explicitFileType = wrapper.application; includeInIndex = 0; path = CoreMLCameraDetection.app; sourceTree = BUILT_PRODUCTS_DIR; };
		95FC86AE1FBFEB3A0041E05B /* AppDelegate.swift */ = {isa = PBXFileReference; lastKnownFileType = sourcecode.swift; path = AppDelegate.swift; sourceTree = "<group>"; };
		95FC86B01FBFEB3A0041E05B /* ViewController.swift */ = {isa = PBXFileReference; lastKnownFileType = sourcecode.swift; path = ViewController.swift; sourceTree = "<group>"; };
		95FC86B31FBFEB3A0041E05B /* Base */ = {isa = PBXFileReference; lastKnownFileType = file.storyboard; name = Base; path = Base.lproj/Main.storyboard; sourceTree = "<group>"; };
		95FC86B51FBFEB3A0041E05B /* Assets.xcassets */ = {isa = PBXFileReference; lastKnownFileType = folder.assetcatalog; path = Assets.xcassets; sourceTree = "<group>"; };
		95FC86B81FBFEB3A0041E05B /* Base */ = {isa = PBXFileReference; lastKnownFileType = file.storyboard; name = Base; path = Base.lproj/LaunchScreen.storyboard; sourceTree = "<group>"; };
		95FC86BA1FBFEB3A0041E05B /* Info.plist */ = {isa = PBXFileReference; lastKnownFileType = text.plist.xml; path = Info.plist; sourceTree = "<group>"; };
/* End PBXFileReference section */

/* Begin PBXFrameworksBuildPhase section */
		95FC86A81FBFEB3A0041E05B /* Frameworks */ = {
			isa = PBXFrameworksBuildPhase;
			buildActionMask = 2147483647;
			files = (
			);
			runOnlyForDeploymentPostprocessing = 0;
		};
/* End PBXFrameworksBuildPhase section */

/* Begin PBXGroup section */
		95FC86A21FBFEB3A0041E05B = {
			isa = PBXGroup;
			children = (
				95FC86AD1FBFEB3A0041E05B /* CoreMLCameraDetection */,
				95FC86AC1FBFEB3A0041E05B /* Products */,
			);
			sourceTree = "<group>";
		};
		95FC86AC1FBFEB3A0041E05B /* Products */ = {
			isa = PBXGroup;
			children = (
				95FC86AB1FBFEB3A0041E05B /* CoreMLCameraDetection.app */,
			);
			name = Products;
			sourceTree = "<group>";
		};
		95FC86AD1FBFEB3A0041E05B /* CoreMLCameraDetection */ = {
			isa = PBXGroup;
			children = (
				95FC86B01FBFEB3A0041E05B /* ViewController.swift */,
				95FC86B21FBFEB3A0041E05B /* Main.storyboard */,
				95FC86AE1FBFEB3A0041E05B /* AppDelegate.swift */,
				95FC86B51FBFEB3A0041E05B /* Assets.xcassets */,
				95FC86B71FBFEB3A0041E05B /* LaunchScreen.storyboard */,
				95FC86BA1FBFEB3A0041E05B /* Info.plist */,
			);
			path = CoreMLCameraDetection;
			sourceTree = "<group>";
		};
/* End PBXGroup section */

/* Begin PBXNativeTarget section */
		95FC86AA1FBFEB3A0041E05B /* CoreMLCameraDetection */ = {
			isa = PBXNativeTarget;
			buildConfigurationList = 95FC86BD1FBFEB3A0041E05B /* Build configuration list for PBXNativeTarget "CoreMLCameraDetection" */;
			buildPhases = (
				95FC86A71FBFEB3A0041E05B /* Sources */,
				95FC86A81FBFEB3A0041E05B /* Frameworks */,
				95FC86A91FBFEB3A0041E05B /* Resources */,
			);
			buildRules = (
			);
			dependencies = (
			);
			name = CoreMLCameraDetection;
			productName = CoreMLCameraDetection;
			productReference = 95FC86AB1FBFEB3A0041E05B /* CoreMLCameraDetection.app */;
			productType = "com.apple.product-type.application";
		};
/* End PBXNativeTarget section */

/* Begin PBXProject section */
		95FC86A31FBFEB3A0041E05B /* Project object */ = {
			isa = PBXProject;
			attributes = {
				LastSwiftUpdateCheck = 0910;
				LastUpgradeCheck = 0910;
				ORGANIZATIONNAME = LuisPuentes;
				TargetAttributes = {
					95FC86AA1FBFEB3A0041E05B = {
						CreatedOnToolsVersion = 9.1;
						ProvisioningStyle = Automatic;
					};
				};
			};
			buildConfigurationList = 95FC86A61FBFEB3A0041E05B /* Build configuration list for PBXProject "CoreMLCameraDetection" */;
			compatibilityVersion = "Xcode 8.0";
			developmentRegion = en;
			hasScannedForEncodings = 0;
			knownRegions = (
				en,
				Base,
			);
			mainGroup = 95FC86A21FBFEB3A0041E05B;
			productRefGroup = 95FC86AC1FBFEB3A0041E05B /* Products */;
			projectDirPath = "";
			projectRoot = "";
			targets = (
				95FC86AA1FBFEB3A0041E05B /* CoreMLCameraDetection */,
			);
		};
/* End PBXProject section */

/* Begin PBXResourcesBuildPhase section */
		95FC86A91FBFEB3A0041E05B /* Resources */ = {
			isa = PBXResourcesBuildPhase;
			buildActionMask = 2147483647;
			files = (
				95FC86B91FBFEB3A0041E05B /* LaunchScreen.storyboard in Resources */,
				95FC86B61FBFEB3A0041E05B /* Assets.xcassets in Resources */,
				95FC86B41FBFEB3A0041E05B /* Main.storyboard in Resources */,
			);
			runOnlyForDeploymentPostprocessing = 0;
		};
/* End PBXResourcesBuildPhase section */

/* Begin PBXSourcesBuildPhase section */
		95FC86A71FBFEB3A0041E05B /* Sources */ = {
			isa = PBXSourcesBuildPhase;
			buildActionMask = 2147483647;
			files = (
				95FC86B11FBFEB3A0041E05B /* ViewController.swift in Sources */,
				95FC86AF1FBFEB3A0041E05B /* AppDelegate.swift in Sources */,
			);
			runOnlyForDeploymentPostprocessing = 0;
		};
/* End PBXSourcesBuildPhase section */

/* Begin PBXVariantGroup section */
		95FC86B21FBFEB3A0041E05B /* Main.storyboard */ = {
			isa = PBXVariantGroup;
			children = (
				95FC86B31FBFEB3A0041E05B /* Base */,
			);
			name = Main.storyboard;
			sourceTree = "<group>";
		};
		95FC86B71FBFEB3A0041E05B /* LaunchScreen.storyboard */ = {
			isa = PBXVariantGroup;
			children = (
				95FC86B81FBFEB3A0041E05B /* Base */,
			);
			name = LaunchScreen.storyboard;
			sourceTree = "<group>";
		};
/* End PBXVariantGroup section */

/* Begin XCBuildConfiguration section */
		95FC86BB1FBFEB3A0041E05B /* Debug */ = {
			isa = XCBuildConfiguration;
			buildSettings = {
				ALWAYS_SEARCH_USER_PATHS = NO;
				CLANG_ANALYZER_NONNULL = YES;
				CLANG_ANALYZER_NUMBER_OBJECT_CONVERSION = YES_AGGRESSIVE;
				CLANG_CXX_LANGUAGE_STANDARD = "gnu++14";
				CLANG_CXX_LIBRARY = "libc++";
				CLANG_ENABLE_MODULES = YES;
				CLANG_ENABLE_OBJC_ARC = YES;
				CLANG_WARN_BLOCK_CAPTURE_AUTORELEASING = YES;
				CLANG_WARN_BOOL_CONVERSION = YES;
				CLANG_WARN_COMMA = YES;
				CLANG_WARN_CONSTANT_CONVERSION = YES;
				CLANG_WARN_DIRECT_OBJC_ISA_USAGE = YES_ERROR;
				CLANG_WARN_DOCUMENTATION_COMMENTS = YES;
				CLANG_WARN_EMPTY_BODY = YES;
				CLANG_WARN_ENUM_CONVERSION = YES;
				CLANG_WARN_INFINITE_RECURSION = YES;
				CLANG_WARN_INT_CONVERSION = YES;
				CLANG_WARN_NON_LITERAL_NULL_CONVERSION = YES;
				CLANG_WARN_OBJC_LITERAL_CONVERSION = YES;
				CLANG_WARN_OBJC_ROOT_CLASS = YES_ERROR;
				CLANG_WARN_RANGE_LOOP_ANALYSIS = YES;
				CLANG_WARN_STRICT_PROTOTYPES = YES;
				CLANG_WARN_SUSPICIOUS_MOVE = YES;
				CLANG_WARN_UNGUARDED_AVAILABILITY = YES_AGGRESSIVE;
				CLANG_WARN_UNREACHABLE_CODE = YES;
				CLANG_WARN__DUPLICATE_METHOD_MATCH = YES;
				CODE_SIGN_IDENTITY = "iPhone Developer";
				COPY_PHASE_STRIP = NO;
				DEBUG_INFORMATION_FORMAT = dwarf;
				ENABLE_STRICT_OBJC_MSGSEND = YES;
				ENABLE_TESTABILITY = YES;
				GCC_C_LANGUAGE_STANDARD = gnu11;
				GCC_DYNAMIC_NO_PIC = NO;
				GCC_NO_COMMON_BLOCKS = YES;
				GCC_OPTIMIZATION_LEVEL = 0;
				GCC_PREPROCESSOR_DEFINITIONS = (
					"DEBUG=1",
					"$(inherited)",
				);
				GCC_WARN_64_TO_32_BIT_CONVERSION = YES;
				GCC_WARN_ABOUT_RETURN_TYPE = YES_ERROR;
				GCC_WARN_UNDECLARED_SELECTOR = YES;
				GCC_WARN_UNINITIALIZED_AUTOS = YES_AGGRESSIVE;
				GCC_WARN_UNUSED_FUNCTION = YES;
				GCC_WARN_UNUSED_VARIABLE = YES;
				IPHONEOS_DEPLOYMENT_TARGET = 11.1;
				MTL_ENABLE_DEBUG_INFO = YES;
				ONLY_ACTIVE_ARCH = YES;
				SDKROOT = iphoneos;
				SWIFT_ACTIVE_COMPILATION_CONDITIONS = DEBUG;
				SWIFT_OPTIMIZATION_LEVEL = "-Onone";
			};
			name = Debug;
		};
		95FC86BC1FBFEB3A0041E05B /* Release */ = {
			isa = XCBuildConfiguration;
			buildSettings = {
				ALWAYS_SEARCH_USER_PATHS = NO;
				CLANG_ANALYZER_NONNULL = YES;
				CLANG_ANALYZER_NUMBER_OBJECT_CONVERSION = YES_AGGRESSIVE;
				CLANG_CXX_LANGUAGE_STANDARD = "gnu++14";
				CLANG_CXX_LIBRARY = "libc++";
				CLANG_ENABLE_MODULES = YES;
				CLANG_ENABLE_OBJC_ARC = YES;
				CLANG_WARN_BLOCK_CAPTURE_AUTORELEASING = YES;
				CLANG_WARN_BOOL_CONVERSION = YES;
				CLANG_WARN_COMMA = YES;
				CLANG_WARN_CONSTANT_CONVERSION = YES;
				CLANG_WARN_DIRECT_OBJC_ISA_USAGE = YES_ERROR;
				CLANG_WARN_DOCUMENTATION_COMMENTS = YES;
				CLANG_WARN_EMPTY_BODY = YES;
				CLANG_WARN_ENUM_CONVERSION = YES;
				CLANG_WARN_INFINITE_RECURSION = YES;
				CLANG_WARN_INT_CONVERSION = YES;
				CLANG_WARN_NON_LITERAL_NULL_CONVERSION = YES;
				CLANG_WARN_OBJC_LITERAL_CONVERSION = YES;
				CLANG_WARN_OBJC_ROOT_CLASS = YES_ERROR;
				CLANG_WARN_RANGE_LOOP_ANALYSIS = YES;
				CLANG_WARN_STRICT_PROTOTYPES = YES;
				CLANG_WARN_SUSPICIOUS_MOVE = YES;
				CLANG_WARN_UNGUARDED_AVAILABILITY = YES_AGGRESSIVE;
				CLANG_WARN_UNREACHABLE_CODE = YES;
				CLANG_WARN__DUPLICATE_METHOD_MATCH = YES;
				CODE_SIGN_IDENTITY = "iPhone Developer";
				COPY_PHASE_STRIP = NO;
				DEBUG_INFORMATION_FORMAT = "dwarf-with-dsym";
				ENABLE_NS_ASSERTIONS = NO;
				ENABLE_STRICT_OBJC_MSGSEND = YES;
				GCC_C_LANGUAGE_STANDARD = gnu11;
				GCC_NO_COMMON_BLOCKS = YES;
				GCC_WARN_64_TO_32_BIT_CONVERSION = YES;
				GCC_WARN_ABOUT_RETURN_TYPE = YES_ERROR;
				GCC_WARN_UNDECLARED_SELECTOR = YES;
				GCC_WARN_UNINITIALIZED_AUTOS = YES_AGGRESSIVE;
				GCC_WARN_UNUSED_FUNCTION = YES;
				GCC_WARN_UNUSED_VARIABLE = YES;
				IPHONEOS_DEPLOYMENT_TARGET = 11.1;
				MTL_ENABLE_DEBUG_INFO = NO;
				SDKROOT = iphoneos;
				SWIFT_OPTIMIZATION_LEVEL = "-Owholemodule";
				VALIDATE_PRODUCT = YES;
			};
			name = Release;
		};
		95FC86BE1FBFEB3A0041E05B /* Debug */ = {
			isa = XCBuildConfiguration;
			buildSettings = {
				ASSETCATALOG_COMPILER_APPICON_NAME = AppIcon;
				CODE_SIGN_STYLE = Automatic;
				DEVELOPMENT_TEAM = H9L7P6ZCN6;
				INFOPLIST_FILE = CoreMLCameraDetection/Info.plist;
				LD_RUNPATH_SEARCH_PATHS = "$(inherited) @executable_path/Frameworks";
				PRODUCT_BUNDLE_IDENTIFIER = com.CoreMLCameraDetection;
				PRODUCT_NAME = "$(TARGET_NAME)";
				SWIFT_VERSION = 4.0;
				TARGETED_DEVICE_FAMILY = "1,2";
			};
			name = Debug;
		};
		95FC86BF1FBFEB3A0041E05B /* Release */ = {
			isa = XCBuildConfiguration;
			buildSettings = {
				ASSETCATALOG_COMPILER_APPICON_NAME = AppIcon;
				CODE_SIGN_STYLE = Automatic;
				DEVELOPMENT_TEAM = H9L7P6ZCN6;
				INFOPLIST_FILE = CoreMLCameraDetection/Info.plist;
				LD_RUNPATH_SEARCH_PATHS = "$(inherited) @executable_path/Frameworks";
				PRODUCT_BUNDLE_IDENTIFIER = com.CoreMLCameraDetection;
				PRODUCT_NAME = "$(TARGET_NAME)";
				SWIFT_VERSION = 4.0;
				TARGETED_DEVICE_FAMILY = "1,2";
			};
			name = Release;
		};
/* End XCBuildConfiguration section */

/* Begin XCConfigurationList section */
		95FC86A61FBFEB3A0041E05B /* Build configuration list for PBXProject "CoreMLCameraDetection" */ = {
			isa = XCConfigurationList;
			buildConfigurations = (
				95FC86BB1FBFEB3A0041E05B /* Debug */,
				95FC86BC1FBFEB3A0041E05B /* Release */,
			);
			defaultConfigurationIsVisible = 0;
			defaultConfigurationName = Release;
		};
		95FC86BD1FBFEB3A0041E05B /* Build configuration list for PBXNativeTarget "CoreMLCameraDetection" */ = {
			isa = XCConfigurationList;
			buildConfigurations = (
				95FC86BE1FBFEB3A0041E05B /* Debug */,
				95FC86BF1FBFEB3A0041E05B /* Release */,
			);
			defaultConfigurationIsVisible = 0;
			defaultConfigurationName = Release;
		};
/* End XCConfigurationList section */
	};
	rootObject = 95FC86A31FBFEB3A0041E05B /* Project object */;
}
